{
  "name": "dojo_online",
  "version": "1.0.0",
  "lockfileVersion": 1,
  "requires": true,
  "dependencies": {
    "jquery": {
      "version": "3.5.0",
      "resolved": "https://registry.npmjs.org/jquery/-/jquery-3.5.0.tgz",
      "integrity": "sha512-Xb7SVYMvygPxbFMpTFQiHh1J7HClEaThguL15N/Gg37Lri/qKyhRGZYzHRyLH8Stq3Aow0LsHO2O2ci86fCrNQ=="
    },
    "node-inspect": {
      "version": "1.11.6",
      "resolved": "https://registry.npmjs.org/node-inspect/-/node-inspect-1.11.6.tgz",
      "integrity": "sha512-FJK0N55yT/U50mlb0l9MOV3a6kvt96CQPn2sqiCaUAt+tggEydVFP9thpDw3abIc0C0fEP1vIIoNVdGx3KrOUQ=="
    }
  }
}
